// !$*UTF8*$!
{
	archiveVersion = 1;
	classes = {
	};
	objectVersion = 46;
	objects = {

/* Begin PBXBuildFile section */
		07920B6C733968861F41712F /* Pods.framework in Frameworks */ = {isa = PBXBuildFile; fileRef = EB7A2771D05807070BC56E07 /* Pods.framework */; settings = {ATTRIBUTES = (Weak, ); }; };
		C52AE9EA1B55EFCB00D8CCB9 /* MessagesAPIClient.swift in Sources */ = {isa = PBXBuildFile; fileRef = C52AE9E91B55EFCB00D8CCB9 /* MessagesAPIClient.swift */; };
		C52AE9EC1B561F4000D8CCB9 /* Message.swift in Sources */ = {isa = PBXBuildFile; fileRef = C52AE9EB1B561F4000D8CCB9 /* Message.swift */; };
		C52AE9EE1B56200900D8CCB9 /* Thread.swift in Sources */ = {isa = PBXBuildFile; fileRef = C52AE9ED1B56200900D8CCB9 /* Thread.swift */; };
		C52AE9F01B56E2BB00D8CCB9 /* UserSession.swift in Sources */ = {isa = PBXBuildFile; fileRef = C52AE9EF1B56E2BB00D8CCB9 /* UserSession.swift */; };
		C52AE9F41B56E95B00D8CCB9 /* ConversationTableViewController.swift in Sources */ = {isa = PBXBuildFile; fileRef = C52AE9F31B56E95B00D8CCB9 /* ConversationTableViewController.swift */; };
		C52AE9F61B57186000D8CCB9 /* ThreadsTableViewController.swift in Sources */ = {isa = PBXBuildFile; fileRef = C52AE9F51B57186000D8CCB9 /* ThreadsTableViewController.swift */; };
		C586D6551B559A5200061B31 /* AppDelegate.swift in Sources */ = {isa = PBXBuildFile; fileRef = C586D6541B559A5200061B31 /* AppDelegate.swift */; };
		C586D65A1B559A5200061B31 /* Main.storyboard in Resources */ = {isa = PBXBuildFile; fileRef = C586D6581B559A5200061B31 /* Main.storyboard */; };
		C586D65C1B559A5200061B31 /* Images.xcassets in Resources */ = {isa = PBXBuildFile; fileRef = C586D65B1B559A5200061B31 /* Images.xcassets */; };
		C586D65F1B559A5200061B31 /* LaunchScreen.xib in Resources */ = {isa = PBXBuildFile; fileRef = C586D65D1B559A5200061B31 /* LaunchScreen.xib */; };
		C586D66B1B559A5200061B31 /* messagesTests.swift in Sources */ = {isa = PBXBuildFile; fileRef = C586D66A1B559A5200061B31 /* messagesTests.swift */; };
/* End PBXBuildFile section */

/* Begin PBXContainerItemProxy section */
		C586D6651B559A5200061B31 /* PBXContainerItemProxy */ = {
			isa = PBXContainerItemProxy;
			containerPortal = C586D6471B559A5100061B31 /* Project object */;
			proxyType = 1;
			remoteGlobalIDString = C586D64E1B559A5200061B31;
			remoteInfo = messages;
		};
/* End PBXContainerItemProxy section */

/* Begin PBXFileReference section */
		302B5D9A775E0F65279F3096 /* Pods.release.xcconfig */ = {isa = PBXFileReference; includeInIndex = 1; lastKnownFileType = text.xcconfig; name = Pods.release.xcconfig; path = "Pods/Target Support Files/Pods/Pods.release.xcconfig"; sourceTree = "<group>"; };
		C52AE9E91B55EFCB00D8CCB9 /* MessagesAPIClient.swift */ = {isa = PBXFileReference; fileEncoding = 4; lastKnownFileType = sourcecode.swift; path = MessagesAPIClient.swift; sourceTree = "<group>"; };
		C52AE9EB1B561F4000D8CCB9 /* Message.swift */ = {isa = PBXFileReference; fileEncoding = 4; lastKnownFileType = sourcecode.swift; path = Message.swift; sourceTree = "<group>"; };
		C52AE9ED1B56200900D8CCB9 /* Thread.swift */ = {isa = PBXFileReference; fileEncoding = 4; lastKnownFileType = sourcecode.swift; path = Thread.swift; sourceTree = "<group>"; };
		C52AE9EF1B56E2BB00D8CCB9 /* UserSession.swift */ = {isa = PBXFileReference; fileEncoding = 4; lastKnownFileType = sourcecode.swift; path = UserSession.swift; sourceTree = "<group>"; };
		C52AE9F31B56E95B00D8CCB9 /* ConversationTableViewController.swift */ = {isa = PBXFileReference; fileEncoding = 4; lastKnownFileType = sourcecode.swift; path = ConversationTableViewController.swift; sourceTree = "<group>"; };
		C52AE9F51B57186000D8CCB9 /* ThreadsTableViewController.swift */ = {isa = PBXFileReference; fileEncoding = 4; lastKnownFileType = sourcecode.swift; path = ThreadsTableViewController.swift; sourceTree = "<group>"; };
		C586D64F1B559A5200061B31 /* messages.app */ = {isa = PBXFileReference; explicitFileType = wrapper.application; includeInIndex = 0; path = messages.app; sourceTree = BUILT_PRODUCTS_DIR; };
		C586D6531B559A5200061B31 /* Info.plist */ = {isa = PBXFileReference; lastKnownFileType = text.plist.xml; path = Info.plist; sourceTree = "<group>"; };
		C586D6541B559A5200061B31 /* AppDelegate.swift */ = {isa = PBXFileReference; lastKnownFileType = sourcecode.swift; path = AppDelegate.swift; sourceTree = "<group>"; };
		C586D6591B559A5200061B31 /* Base */ = {isa = PBXFileReference; lastKnownFileType = file.storyboard; name = Base; path = Base.lproj/Main.storyboard; sourceTree = "<group>"; };
		C586D65B1B559A5200061B31 /* Images.xcassets */ = {isa = PBXFileReference; lastKnownFileType = folder.assetcatalog; path = Images.xcassets; sourceTree = "<group>"; };
		C586D65E1B559A5200061B31 /* Base */ = {isa = PBXFileReference; lastKnownFileType = file.xib; name = Base; path = Base.lproj/LaunchScreen.xib; sourceTree = "<group>"; };
		C586D6641B559A5200061B31 /* messagesTests.xctest */ = {isa = PBXFileReference; explicitFileType = wrapper.cfbundle; includeInIndex = 0; path = messagesTests.xctest; sourceTree = BUILT_PRODUCTS_DIR; };
		C586D6691B559A5200061B31 /* Info.plist */ = {isa = PBXFileReference; lastKnownFileType = text.plist.xml; path = Info.plist; sourceTree = "<group>"; };
		C586D66A1B559A5200061B31 /* messagesTests.swift */ = {isa = PBXFileReference; lastKnownFileType = sourcecode.swift; path = messagesTests.swift; sourceTree = "<group>"; };
		CBE6340C2907B203A55DABD4 /* Pods.debug.xcconfig */ = {isa = PBXFileReference; includeInIndex = 1; lastKnownFileType = text.xcconfig; name = Pods.debug.xcconfig; path = "Pods/Target Support Files/Pods/Pods.debug.xcconfig"; sourceTree = "<group>"; };
		EB7A2771D05807070BC56E07 /* Pods.framework */ = {isa = PBXFileReference; explicitFileType = wrapper.framework; includeInIndex = 0; path = Pods.framework; sourceTree = BUILT_PRODUCTS_DIR; };
/* End PBXFileReference section */

/* Begin PBXFrameworksBuildPhase section */
		C586D64C1B559A5200061B31 /* Frameworks */ = {
			isa = PBXFrameworksBuildPhase;
			buildActionMask = 2147483647;
			files = (
				07920B6C733968861F41712F /* Pods.framework in Frameworks */,
			);
			runOnlyForDeploymentPostprocessing = 0;
		};
		C586D6611B559A5200061B31 /* Frameworks */ = {
			isa = PBXFrameworksBuildPhase;
			buildActionMask = 2147483647;
			files = (
			);
			runOnlyForDeploymentPostprocessing = 0;
		};
/* End PBXFrameworksBuildPhase section */

/* Begin PBXGroup section */
		193568B5808E786D65D92624 /* Frameworks */ = {
			isa = PBXGroup;
			children = (
				EB7A2771D05807070BC56E07 /* Pods.framework */,
			);
			name = Frameworks;
			sourceTree = "<group>";
		};
		687AC39BBBB5CE078334F6A3 /* Pods */ = {
			isa = PBXGroup;
			children = (
				CBE6340C2907B203A55DABD4 /* Pods.debug.xcconfig */,
				302B5D9A775E0F65279F3096 /* Pods.release.xcconfig */,
			);
			name = Pods;
			sourceTree = "<group>";
		};
		C586D6461B559A5100061B31 = {
			isa = PBXGroup;
			children = (
				C586D6511B559A5200061B31 /* messages */,
				C586D6671B559A5200061B31 /* messagesTests */,
				C586D6501B559A5200061B31 /* Products */,
				687AC39BBBB5CE078334F6A3 /* Pods */,
				193568B5808E786D65D92624 /* Frameworks */,
			);
			sourceTree = "<group>";
		};
		C586D6501B559A5200061B31 /* Products */ = {
			isa = PBXGroup;
			children = (
				C586D64F1B559A5200061B31 /* messages.app */,
				C586D6641B559A5200061B31 /* messagesTests.xctest */,
			);
			name = Products;
			sourceTree = "<group>";
		};
		C586D6511B559A5200061B31 /* messages */ = {
			isa = PBXGroup;
			children = (
				C52AE9F51B57186000D8CCB9 /* ThreadsTableViewController.swift */,
				C586D6541B559A5200061B31 /* AppDelegate.swift */,
				C586D6581B559A5200061B31 /* Main.storyboard */,
				C586D65B1B559A5200061B31 /* Images.xcassets */,
				C586D65D1B559A5200061B31 /* LaunchScreen.xib */,
				C586D6521B559A5200061B31 /* Supporting Files */,
				C52AE9E91B55EFCB00D8CCB9 /* MessagesAPIClient.swift */,
				C52AE9EB1B561F4000D8CCB9 /* Message.swift */,
				C52AE9ED1B56200900D8CCB9 /* Thread.swift */,
				C52AE9EF1B56E2BB00D8CCB9 /* UserSession.swift */,
				C52AE9F31B56E95B00D8CCB9 /* ConversationTableViewController.swift */,
			);
			path = messages;
			sourceTree = "<group>";
		};
		C586D6521B559A5200061B31 /* Supporting Files */ = {
			isa = PBXGroup;
			children = (
				C586D6531B559A5200061B31 /* Info.plist */,
			);
			name = "Supporting Files";
			sourceTree = "<group>";
		};
		C586D6671B559A5200061B31 /* messagesTests */ = {
			isa = PBXGroup;
			children = (
				C586D66A1B559A5200061B31 /* messagesTests.swift */,
				C586D6681B559A5200061B31 /* Supporting Files */,
			);
			path = messagesTests;
			sourceTree = "<group>";
		};
		C586D6681B559A5200061B31 /* Supporting Files */ = {
			isa = PBXGroup;
			children = (
				C586D6691B559A5200061B31 /* Info.plist */,
			);
			name = "Supporting Files";
			sourceTree = "<group>";
		};
/* End PBXGroup section */

/* Begin PBXNativeTarget section */
		C586D64E1B559A5200061B31 /* messages */ = {
			isa = PBXNativeTarget;
			buildConfigurationList = C586D66E1B559A5200061B31 /* Build configuration list for PBXNativeTarget "messages" */;
			buildPhases = (
				2135EE3775EB02D7D55A0214 /* Check Pods Manifest.lock */,
				C586D64B1B559A5200061B31 /* Sources */,
				C586D64C1B559A5200061B31 /* Frameworks */,
				C586D64D1B559A5200061B31 /* Resources */,
				C540A1EF18FF4E6668F90CB1 /* Embed Pods Frameworks */,
				803B0E820C82972A7FC9F97C /* Copy Pods Resources */,
			);
			buildRules = (
			);
			dependencies = (
			);
			name = messages;
			productName = messages;
			productReference = C586D64F1B559A5200061B31 /* messages.app */;
			productType = "com.apple.product-type.application";
		};
		C586D6631B559A5200061B31 /* messagesTests */ = {
			isa = PBXNativeTarget;
			buildConfigurationList = C586D6711B559A5200061B31 /* Build configuration list for PBXNativeTarget "messagesTests" */;
			buildPhases = (
				C586D6601B559A5200061B31 /* Sources */,
				C586D6611B559A5200061B31 /* Frameworks */,
				C586D6621B559A5200061B31 /* Resources */,
			);
			buildRules = (
			);
			dependencies = (
				C586D6661B559A5200061B31 /* PBXTargetDependency */,
			);
			name = messagesTests;
			productName = messagesTests;
			productReference = C586D6641B559A5200061B31 /* messagesTests.xctest */;
			productType = "com.apple.product-type.bundle.unit-test";
		};
/* End PBXNativeTarget section */

/* Begin PBXProject section */
		C586D6471B559A5100061B31 /* Project object */ = {
			isa = PBXProject;
			attributes = {
				LastUpgradeCheck = 0640;
				ORGANIZATIONNAME = lyonwj;
				TargetAttributes = {
					C586D64E1B559A5200061B31 = {
						CreatedOnToolsVersion = 6.4;
					};
					C586D6631B559A5200061B31 = {
						CreatedOnToolsVersion = 6.4;
						TestTargetID = C586D64E1B559A5200061B31;
					};
				};
			};
			buildConfigurationList = C586D64A1B559A5100061B31 /* Build configuration list for PBXProject "messages" */;
			compatibilityVersion = "Xcode 3.2";
			developmentRegion = English;
			hasScannedForEncodings = 0;
			knownRegions = (
				en,
				Base,
			);
			mainGroup = C586D6461B559A5100061B31;
			productRefGroup = C586D6501B559A5200061B31 /* Products */;
			projectDirPath = "";
			projectRoot = "";
			targets = (
				C586D64E1B559A5200061B31 /* messages */,
				C586D6631B559A5200061B31 /* messagesTests */,
			);
		};
/* End PBXProject section */

/* Begin PBXResourcesBuildPhase section */
		C586D64D1B559A5200061B31 /* Resources */ = {
			isa = PBXResourcesBuildPhase;
			buildActionMask = 2147483647;
			files = (
				C586D65A1B559A5200061B31 /* Main.storyboard in Resources */,
				C586D65F1B559A5200061B31 /* LaunchScreen.xib in Resources */,
				C586D65C1B559A5200061B31 /* Images.xcassets in Resources */,
			);
			runOnlyForDeploymentPostprocessing = 0;
		};
		C586D6621B559A5200061B31 /* Resources */ = {
			isa = PBXResourcesBuildPhase;
			buildActionMask = 2147483647;
			files = (
			);
			runOnlyForDeploymentPostprocessing = 0;
		};
/* End PBXResourcesBuildPhase section */

/* Begin PBXShellScriptBuildPhase section */
		2135EE3775EB02D7D55A0214 /* Check Pods Manifest.lock */ = {
			isa = PBXShellScriptBuildPhase;
			buildActionMask = 2147483647;
			files = (
			);
			inputPaths = (
			);
			name = "Check Pods Manifest.lock";
			outputPaths = (
			);
			runOnlyForDeploymentPostprocessing = 0;
			shellPath = /bin/sh;
			shellScript = "diff \"${PODS_ROOT}/../Podfile.lock\" \"${PODS_ROOT}/Manifest.lock\" > /dev/null\nif [[ $? != 0 ]] ; then\n    cat << EOM\nerror: The sandbox is not in sync with the Podfile.lock. Run 'pod install' or update your CocoaPods installation.\nEOM\n    exit 1\nfi\n";
			showEnvVarsInLog = 0;
		};
		803B0E820C82972A7FC9F97C /* Copy Pods Resources */ = {
			isa = PBXShellScriptBuildPhase;
			buildActionMask = 2147483647;
			files = (
			);
			inputPaths = (
			);
			name = "Copy Pods Resources";
			outputPaths = (
			);
			runOnlyForDeploymentPostprocessing = 0;
			shellPath = /bin/sh;
			shellScript = "\"${SRCROOT}/Pods/Target Support Files/Pods/Pods-resources.sh\"\n";
			showEnvVarsInLog = 0;
		};
		C540A1EF18FF4E6668F90CB1 /* Embed Pods Frameworks */ = {
			isa = PBXShellScriptBuildPhase;
			buildActionMask = 2147483647;
			files = (
			);
			inputPaths = (
			);
			name = "Embed Pods Frameworks";
			outputPaths = (
			);
			runOnlyForDeploymentPostprocessing = 0;
			shellPath = /bin/sh;
			shellScript = "\"${SRCROOT}/Pods/Target Support Files/Pods/Pods-frameworks.sh\"\n";
			showEnvVarsInLog = 0;
		};
/* End PBXShellScriptBuildPhase section */

/* Begin PBXSourcesBuildPhase section */
		C586D64B1B559A5200061B31 /* Sources */ = {
			isa = PBXSourcesBuildPhase;
			buildActionMask = 2147483647;
			files = (
				C52AE9EA1B55EFCB00D8CCB9 /* MessagesAPIClient.swift in Sources */,
				C52AE9F41B56E95B00D8CCB9 /* ConversationTableViewController.swift in Sources */,
				C52AE9F61B57186000D8CCB9 /* ThreadsTableViewController.swift in Sources */,
				C52AE9EE1B56200900D8CCB9 /* Thread.swift in Sources */,
				C52AE9EC1B561F4000D8CCB9 /* Message.swift in Sources */,
				C52AE9F01B56E2BB00D8CCB9 /* UserSession.swift in Sources */,
				C586D6551B559A5200061B31 /* AppDelegate.swift in Sources */,
			);
			runOnlyForDeploymentPostprocessing = 0;
		};
		C586D6601B559A5200061B31 /* Sources */ = {
			isa = PBXSourcesBuildPhase;
			buildActionMask = 2147483647;
			files = (
				C586D66B1B559A5200061B31 /* messagesTests.swift in Sources */,
			);
			runOnlyForDeploymentPostprocessing = 0;
		};
/* End PBXSourcesBuildPhase section */

/* Begin PBXTargetDependency section */
		C586D6661B559A5200061B31 /* PBXTargetDependency */ = {
			isa = PBXTargetDependency;
			target = C586D64E1B559A5200061B31 /* messages */;
			targetProxy = C586D6651B559A5200061B31 /* PBXContainerItemProxy */;
		};
/* End PBXTargetDependency section */

/* Begin PBXVariantGroup section */
		C586D6581B559A5200061B31 /* Main.storyboard */ = {
			isa = PBXVariantGroup;
			children = (
				C586D6591B559A5200061B31 /* Base */,
			);
			name = Main.storyboard;
			sourceTree = "<group>";
		};
		C586D65D1B559A5200061B31 /* LaunchScreen.xib */ = {
			isa = PBXVariantGroup;
			children = (
				C586D65E1B559A5200061B31 /* Base */,
			);
			name = LaunchScreen.xib;
			sourceTree = "<group>";
		};
/* End PBXVariantGroup section */

/* Begin XCBuildConfiguration section */
		C586D66C1B559A5200061B31 /* Debug */ = {
			isa = XCBuildConfiguration;
			buildSettings = {
				ALWAYS_SEARCH_USER_PATHS = NO;
				CLANG_CXX_LANGUAGE_STANDARD = "gnu++0x";
				CLANG_CXX_LIBRARY = "libc++";
				CLANG_ENABLE_MODULES = YES;
				CLANG_ENABLE_OBJC_ARC = YES;
				CLANG_WARN_BOOL_CONVERSION = YES;
				CLANG_WARN_CONSTANT_CONVERSION = YES;
				CLANG_WARN_DIRECT_OBJC_ISA_USAGE = YES_ERROR;
				CLANG_WARN_EMPTY_BODY = YES;
				CLANG_WARN_ENUM_CONVERSION = YES;
				CLANG_WARN_INT_CONVERSION = YES;
				CLANG_WARN_OBJC_ROOT_CLASS = YES_ERROR;
				CLANG_WARN_UNREACHABLE_CODE = YES;
				CLANG_WARN__DUPLICATE_METHOD_MATCH = YES;
				"CODE_SIGN_IDENTITY[sdk=iphoneos*]" = "iPhone Developer";
				COPY_PHASE_STRIP = NO;
				DEBUG_INFORMATION_FORMAT = "dwarf-with-dsym";
				ENABLE_STRICT_OBJC_MSGSEND = YES;
				GCC_C_LANGUAGE_STANDARD = gnu99;
				GCC_DYNAMIC_NO_PIC = NO;
				GCC_NO_COMMON_BLOCKS = YES;
				GCC_OPTIMIZATION_LEVEL = 0;
				GCC_PREPROCESSOR_DEFINITIONS = (
					"DEBUG=1",
					"$(inherited)",
				);
				GCC_SYMBOLS_PRIVATE_EXTERN = NO;
				GCC_WARN_64_TO_32_BIT_CONVERSION = YES;
				GCC_WARN_ABOUT_RETURN_TYPE = YES_ERROR;
				GCC_WARN_UNDECLARED_SELECTOR = YES;
				GCC_WARN_UNINITIALIZED_AUTOS = YES_AGGRESSIVE;
				GCC_WARN_UNUSED_FUNCTION = YES;
				GCC_WARN_UNUSED_VARIABLE = YES;
				IPHONEOS_DEPLOYMENT_TARGET = 8.4;
				MTL_ENABLE_DEBUG_INFO = YES;
				ONLY_ACTIVE_ARCH = YES;
				SDKROOT = iphoneos;
				SWIFT_OPTIMIZATION_LEVEL = "-Onone";
			};
			name = Debug;
		};
		C586D66D1B559A5200061B31 /* Release */ = {
			isa = XCBuildConfiguration;
			buildSettings = {
				ALWAYS_SEARCH_USER_PATHS = NO;
				CLANG_CXX_LANGUAGE_STANDARD = "gnu++0x";
				CLANG_CXX_LIBRARY = "libc++";
				CLANG_ENABLE_MODULES = YES;
				CLANG_ENABLE_OBJC_ARC = YES;
				CLANG_WARN_BOOL_CONVERSION = YES;
				CLANG_WARN_CONSTANT_CONVERSION = YES;
				CLANG_WARN_DIRECT_OBJC_ISA_USAGE = YES_ERROR;
				CLANG_WARN_EMPTY_BODY = YES;
				CLANG_WARN_ENUM_CONVERSION = YES;
				CLANG_WARN_INT_CONVERSION = YES;
				CLANG_WARN_OBJC_ROOT_CLASS = YES_ERROR;
				CLANG_WARN_UNREACHABLE_CODE = YES;
				CLANG_WARN__DUPLICATE_METHOD_MATCH = YES;
				"CODE_SIGN_IDENTITY[sdk=iphoneos*]" = "iPhone Developer";
				COPY_PHASE_STRIP = NO;
				DEBUG_INFORMATION_FORMAT = "dwarf-with-dsym";
				ENABLE_NS_ASSERTIONS = NO;
				ENABLE_STRICT_OBJC_MSGSEND = YES;
				GCC_C_LANGUAGE_STANDARD = gnu99;
				GCC_NO_COMMON_BLOCKS = YES;
				GCC_WARN_64_TO_32_BIT_CONVERSION = YES;
				GCC_WARN_ABOUT_RETURN_TYPE = YES_ERROR;
				GCC_WARN_UNDECLARED_SELECTOR = YES;
				GCC_WARN_UNINITIALIZED_AUTOS = YES_AGGRESSIVE;
				GCC_WARN_UNUSED_FUNCTION = YES;
				GCC_WARN_UNUSED_VARIABLE = YES;
				IPHONEOS_DEPLOYMENT_TARGET = 8.4;
				MTL_ENABLE_DEBUG_INFO = NO;
				SDKROOT = iphoneos;
				VALIDATE_PRODUCT = YES;
			};
			name = Release;
		};
		C586D66F1B559A5200061B31 /* Debug */ = {
			isa = XCBuildConfiguration;
			baseConfigurationReference = CBE6340C2907B203A55DABD4 /* Pods.debug.xcconfig */;
			buildSettings = {
				ASSETCATALOG_COMPILER_APPICON_NAME = AppIcon;
				INFOPLIST_FILE = messages/Info.plist;
				LD_RUNPATH_SEARCH_PATHS = "$(inherited) @executable_path/Frameworks";
				PRODUCT_NAME = "$(TARGET_NAME)";
			};
			name = Debug;
		};
		C586D6701B559A5200061B31 /* Release */ = {
			isa = XCBuildConfiguration;
			baseConfigurationReference = 302B5D9A775E0F65279F3096 /* Pods.release.xcconfig */;
			buildSettings = {
				ASSETCATALOG_COMPILER_APPICON_NAME = AppIcon;
				INFOPLIST_FILE = messages/Info.plist;
				LD_RUNPATH_SEARCH_PATHS = "$(inherited) @executable_path/Frameworks";
				PRODUCT_NAME = "$(TARGET_NAME)";
			};
			name = Release;
		};
		C586D6721B559A5200061B31 /* Debug */ = {
			isa = XCBuildConfiguration;
			buildSettings = {
				BUNDLE_LOADER = "$(TEST_HOST)";
				FRAMEWORK_SEARCH_PATHS = (
					"$(SDKROOT)/Developer/Library/Frameworks",
					"$(inherited)",
				);
				GCC_PREPROCESSOR_DEFINITIONS = (
					"DEBUG=1",
					"$(inherited)",
				);
				INFOPLIST_FILE = messagesTests/Info.plist;
				LD_RUNPATH_SEARCH_PATHS = "$(inherited) @executable_path/Frameworks @loader_path/Frameworks";
				PRODUCT_NAME = "$(TARGET_NAME)";
				TEST_HOST = "$(BUILT_PRODUCTS_DIR)/messages.app/messages";
			};
			name = Debug;
		};
		C586D6731B559A5200061B31 /* Release */ = {
			isa = XCBuildConfiguration;
			buildSettings = {
				BUNDLE_LOADER = "$(TEST_HOST)";
				FRAMEWORK_SEARCH_PATHS = (
					"$(SDKROOT)/Developer/Library/Frameworks",
					"$(inherited)",
				);
				INFOPLIST_FILE = messagesTests/Info.plist;
				LD_RUNPATH_SEARCH_PATHS = "$(inherited) @executable_path/Frameworks @loader_path/Frameworks";
				PRODUCT_NAME = "$(TARGET_NAME)";
				TEST_HOST = "$(BUILT_PRODUCTS_DIR)/messages.app/messages";
			};
			name = Release;
		};
/* End XCBuildConfiguration section */

/* Begin XCConfigurationList section */
		C586D64A1B559A5100061B31 /* Build configuration list for PBXProject "messages" */ = {
			isa = XCConfigurationList;
			buildConfigurations = (
				C586D66C1B559A5200061B31 /* Debug */,
				C586D66D1B559A5200061B31 /* Release */,
			);
			defaultConfigurationIsVisible = 0;
			defaultConfigurationName = Release;
		};
		C586D66E1B559A5200061B31 /* Build configuration list for PBXNativeTarget "messages" */ = {
			isa = XCConfigurationList;
			buildConfigurations = (
				C586D66F1B559A5200061B31 /* Debug */,
				C586D6701B559A5200061B31 /* Release */,
			);
			defaultConfigurationIsVisible = 0;
			defaultConfigurationName = Release;
		};
		C586D6711B559A5200061B31 /* Build configuration list for PBXNativeTarget "messagesTests" */ = {
			isa = XCConfigurationList;
			buildConfigurations = (
				C586D6721B559A5200061B31 /* Debug */,
				C586D6731B559A5200061B31 /* Release */,
			);
			defaultConfigurationIsVisible = 0;
			defaultConfigurationName = Release;
		};
/* End XCConfigurationList section */
	};
	rootObject = C586D6471B559A5100061B31 /* Project object */;
}
